Microsoft Visual Studio Solution File, Format Version 12.00
# Visual Studio Version 17
VisualStudioVersion = 17.5.2.0
MinimumVisualStudioVersion = 10.0.40219.1
Project("{FAE04EC0-301F-11D3-BF4B-00C04F79EFBC}") = "prjUniyatProject1", "prjUniyatProject1.csproj", "{60F1F45B-5FFB-993F-243C-1DBC1ABE1119}"
EndProject
Global
	GlobalSection(SolutionConfigurationPlatforms) = preSolution
		Debug|Any CPU = Debug|Any CPU
		Release|Any CPU = Release|Any CPU
	EndGlobalSection
	GlobalSection(ProjectConfigurationPlatforms) = postSolution
		{60F1F45B-5FFB-993F-243C-1DBC1ABE1119}.Debug|Any CPU.ActiveCfg = Debug|Any CPU
		{60F1F45B-5FFB-993F-243C-1DBC1ABE1119}.Debug|Any CPU.Build.0 = Debug|Any CPU
		{60F1F45B-5FFB-993F-243C-1DBC1ABE1119}.Release|Any CPU.ActiveCfg = Release|Any CPU
		{60F1F45B-5FFB-993F-243C-1DBC1ABE1119}.Release|Any CPU.Build.0 = Release|Any CPU
	EndGlobalSection
	GlobalSection(SolutionProperties) = preSolution
		HideSolutionNode = FALSE
	EndGlobalSection
	GlobalSection(ExtensibilityGlobals) = postSolution
		SolutionGuid = {B001D649-C69F-4EFB-991A-013B2262F8A9}
	EndGlobalSection
EndGlobal
